// !$*UTF8*$!
{
	archiveVersion = 1;
	classes = {
	};
	objectVersion = 46;
	objects = {

/* Begin PBXBuildFile section */
		021148471F40D25900494736 /* CheckOutVC.swift in Sources */ = {isa = PBXBuildFile; fileRef = 021148451F40D25900494736 /* CheckOutVC.swift */; };
		021148481F40D25900494736 /* CheckOutVC.xib in Resources */ = {isa = PBXBuildFile; fileRef = 021148461F40D25900494736 /* CheckOutVC.xib */; };
		0211484D1F40E44D00494736 /* SelectedProductCell.swift in Sources */ = {isa = PBXBuildFile; fileRef = 0211484B1F40E44D00494736 /* SelectedProductCell.swift */; };
		0211484E1F40E44D00494736 /* SelectedProductCell.xib in Resources */ = {isa = PBXBuildFile; fileRef = 0211484C1F40E44D00494736 /* SelectedProductCell.xib */; };
		0237BDF11F3B01F40047A238 /* AppDelegate.swift in Sources */ = {isa = PBXBuildFile; fileRef = 0237BDF01F3B01F40047A238 /* AppDelegate.swift */; };
		0237BDF61F3B01F40047A238 /* Main.storyboard in Resources */ = {isa = PBXBuildFile; fileRef = 0237BDF41F3B01F40047A238 /* Main.storyboard */; };
		0237BDF81F3B01F40047A238 /* Assets.xcassets in Resources */ = {isa = PBXBuildFile; fileRef = 0237BDF71F3B01F40047A238 /* Assets.xcassets */; };
		0237BDFB1F3B01F40047A238 /* LaunchScreen.storyboard in Resources */ = {isa = PBXBuildFile; fileRef = 0237BDF91F3B01F40047A238 /* LaunchScreen.storyboard */; };
		0237BE061F3B01F40047A238 /* ShoppingAppTests.swift in Sources */ = {isa = PBXBuildFile; fileRef = 0237BE051F3B01F40047A238 /* ShoppingAppTests.swift */; };
		0237BE111F3B01F40047A238 /* ShoppingAppUITests.swift in Sources */ = {isa = PBXBuildFile; fileRef = 0237BE101F3B01F40047A238 /* ShoppingAppUITests.swift */; };
		0237BE211F3B06C00047A238 /* StoreVC.swift in Sources */ = {isa = PBXBuildFile; fileRef = 0237BE201F3B06C00047A238 /* StoreVC.swift */; };
		0237BE341F3B28940047A238 /* Product.swift in Sources */ = {isa = PBXBuildFile; fileRef = 0237BE331F3B28940047A238 /* Product.swift */; };
		0237BE361F3B32900047A238 /* ProductCell.swift in Sources */ = {isa = PBXBuildFile; fileRef = 0237BE351F3B32900047A238 /* ProductCell.swift */; };
		0237BE391F3B35450047A238 /* RoundedImageView.swift in Sources */ = {isa = PBXBuildFile; fileRef = 0237BE381F3B35450047A238 /* RoundedImageView.swift */; };
		0237BE3C1F3B3F0E0047A238 /* NetworkService.swift in Sources */ = {isa = PBXBuildFile; fileRef = 0237BE3B1F3B3F0E0047A238 /* NetworkService.swift */; };
		0237BE431F3B4D160047A238 /* GradientView.swift in Sources */ = {isa = PBXBuildFile; fileRef = 0237BE421F3B4D160047A238 /* GradientView.swift */; };
		0237BE461F3C56520047A238 /* NetworkError.swift in Sources */ = {isa = PBXBuildFile; fileRef = 0237BE451F3C56520047A238 /* NetworkError.swift */; };
		0237BE491F3C5B510047A238 /* Currency.swift in Sources */ = {isa = PBXBuildFile; fileRef = 0237BE481F3C5B510047A238 /* Currency.swift */; };
		0237BE4B1F3C5DF20047A238 /* DataService.swift in Sources */ = {isa = PBXBuildFile; fileRef = 0237BE4A1F3C5DF20047A238 /* DataService.swift */; };
		0237BE4F1F3C6AE80047A238 /* Utilities.swift in Sources */ = {isa = PBXBuildFile; fileRef = 0237BE4E1F3C6AE80047A238 /* Utilities.swift */; };
		0237BE521F3CC08B0047A238 /* Double+Round.swift in Sources */ = {isa = PBXBuildFile; fileRef = 0237BE511F3CC08B0047A238 /* Double+Round.swift */; };
		0237BE541F3DAA1F0047A238 /* StoreViewModel.swift in Sources */ = {isa = PBXBuildFile; fileRef = 0237BE531F3DAA1F0047A238 /* StoreViewModel.swift */; };
/* End PBXBuildFile section */

/* Begin PBXContainerItemProxy section */
		0237BE021F3B01F40047A238 /* PBXContainerItemProxy */ = {
			isa = PBXContainerItemProxy;
			containerPortal = 0237BDE51F3B01F40047A238 /* Project object */;
			proxyType = 1;
			remoteGlobalIDString = 0237BDEC1F3B01F40047A238;
			remoteInfo = ShoppingApp;
		};
		0237BE0D1F3B01F40047A238 /* PBXContainerItemProxy */ = {
			isa = PBXContainerItemProxy;
			containerPortal = 0237BDE51F3B01F40047A238 /* Project object */;
			proxyType = 1;
			remoteGlobalIDString = 0237BDEC1F3B01F40047A238;
			remoteInfo = ShoppingApp;
		};
/* End PBXContainerItemProxy section */

/* Begin PBXFileReference section */
		021148451F40D25900494736 /* CheckOutVC.swift */ = {isa = PBXFileReference; fileEncoding = 4; lastKnownFileType = sourcecode.swift; path = CheckOutVC.swift; sourceTree = "<group>"; };
		021148461F40D25900494736 /* CheckOutVC.xib */ = {isa = PBXFileReference; fileEncoding = 4; lastKnownFileType = file.xib; path = CheckOutVC.xib; sourceTree = "<group>"; };
		0211484B1F40E44D00494736 /* SelectedProductCell.swift */ = {isa = PBXFileReference; fileEncoding = 4; lastKnownFileType = sourcecode.swift; path = SelectedProductCell.swift; sourceTree = "<group>"; };
		0211484C1F40E44D00494736 /* SelectedProductCell.xib */ = {isa = PBXFileReference; fileEncoding = 4; lastKnownFileType = file.xib; path = SelectedProductCell.xib; sourceTree = "<group>"; };
		0237BDED1F3B01F40047A238 /* ShoppingApp.app */ = {isa = PBXFileReference; explicitFileType = wrapper.application; includeInIndex = 0; path = ShoppingApp.app; sourceTree = BUILT_PRODUCTS_DIR; };
		0237BDF01F3B01F40047A238 /* AppDelegate.swift */ = {isa = PBXFileReference; lastKnownFileType = sourcecode.swift; path = AppDelegate.swift; sourceTree = "<group>"; };
		0237BDF51F3B01F40047A238 /* Base */ = {isa = PBXFileReference; lastKnownFileType = file.storyboard; name = Base; path = Base.lproj/Main.storyboard; sourceTree = "<group>"; };
		0237BDF71F3B01F40047A238 /* Assets.xcassets */ = {isa = PBXFileReference; lastKnownFileType = folder.assetcatalog; path = Assets.xcassets; sourceTree = "<group>"; };
		0237BDFA1F3B01F40047A238 /* Base */ = {isa = PBXFileReference; lastKnownFileType = file.storyboard; name = Base; path = Base.lproj/LaunchScreen.storyboard; sourceTree = "<group>"; };
		0237BDFC1F3B01F40047A238 /* Info.plist */ = {isa = PBXFileReference; lastKnownFileType = text.plist.xml; path = Info.plist; sourceTree = "<group>"; };
		0237BE011F3B01F40047A238 /* ShoppingAppTests.xctest */ = {isa = PBXFileReference; explicitFileType = wrapper.cfbundle; includeInIndex = 0; path = ShoppingAppTests.xctest; sourceTree = BUILT_PRODUCTS_DIR; };
		0237BE051F3B01F40047A238 /* ShoppingAppTests.swift */ = {isa = PBXFileReference; lastKnownFileType = sourcecode.swift; path = ShoppingAppTests.swift; sourceTree = "<group>"; };
		0237BE071F3B01F40047A238 /* Info.plist */ = {isa = PBXFileReference; lastKnownFileType = text.plist.xml; path = Info.plist; sourceTree = "<group>"; };
		0237BE0C1F3B01F40047A238 /* ShoppingAppUITests.xctest */ = {isa = PBXFileReference; explicitFileType = wrapper.cfbundle; includeInIndex = 0; path = ShoppingAppUITests.xctest; sourceTree = BUILT_PRODUCTS_DIR; };
		0237BE101F3B01F40047A238 /* ShoppingAppUITests.swift */ = {isa = PBXFileReference; lastKnownFileType = sourcecode.swift; path = ShoppingAppUITests.swift; sourceTree = "<group>"; };
		0237BE121F3B01F40047A238 /* Info.plist */ = {isa = PBXFileReference; lastKnownFileType = text.plist.xml; path = Info.plist; sourceTree = "<group>"; };
		0237BE201F3B06C00047A238 /* StoreVC.swift */ = {isa = PBXFileReference; fileEncoding = 4; lastKnownFileType = sourcecode.swift; path = StoreVC.swift; sourceTree = "<group>"; };
		0237BE331F3B28940047A238 /* Product.swift */ = {isa = PBXFileReference; fileEncoding = 4; lastKnownFileType = sourcecode.swift; path = Product.swift; sourceTree = "<group>"; };
		0237BE351F3B32900047A238 /* ProductCell.swift */ = {isa = PBXFileReference; fileEncoding = 4; lastKnownFileType = sourcecode.swift; path = ProductCell.swift; sourceTree = "<group>"; };
		0237BE381F3B35450047A238 /* RoundedImageView.swift */ = {isa = PBXFileReference; fileEncoding = 4; lastKnownFileType = sourcecode.swift; path = RoundedImageView.swift; sourceTree = "<group>"; };
		0237BE3B1F3B3F0E0047A238 /* NetworkService.swift */ = {isa = PBXFileReference; fileEncoding = 4; lastKnownFileType = sourcecode.swift; path = NetworkService.swift; sourceTree = "<group>"; };
		0237BE421F3B4D160047A238 /* GradientView.swift */ = {isa = PBXFileReference; fileEncoding = 4; lastKnownFileType = sourcecode.swift; path = GradientView.swift; sourceTree = "<group>"; };
		0237BE451F3C56520047A238 /* NetworkError.swift */ = {isa = PBXFileReference; fileEncoding = 4; lastKnownFileType = sourcecode.swift; path = NetworkError.swift; sourceTree = "<group>"; };
		0237BE481F3C5B510047A238 /* Currency.swift */ = {isa = PBXFileReference; fileEncoding = 4; lastKnownFileType = sourcecode.swift; path = Currency.swift; sourceTree = "<group>"; };
		0237BE4A1F3C5DF20047A238 /* DataService.swift */ = {isa = PBXFileReference; fileEncoding = 4; lastKnownFileType = sourcecode.swift; path = DataService.swift; sourceTree = "<group>"; };
		0237BE4E1F3C6AE80047A238 /* Utilities.swift */ = {isa = PBXFileReference; fileEncoding = 4; lastKnownFileType = sourcecode.swift; path = Utilities.swift; sourceTree = "<group>"; };
		0237BE511F3CC08B0047A238 /* Double+Round.swift */ = {isa = PBXFileReference; fileEncoding = 4; lastKnownFileType = sourcecode.swift; path = "Double+Round.swift"; sourceTree = "<group>"; };
		0237BE531F3DAA1F0047A238 /* StoreViewModel.swift */ = {isa = PBXFileReference; fileEncoding = 4; lastKnownFileType = sourcecode.swift; path = StoreViewModel.swift; sourceTree = "<group>"; };
/* End PBXFileReference section */

/* Begin PBXFrameworksBuildPhase section */
		0237BDEA1F3B01F40047A238 /* Frameworks */ = {
			isa = PBXFrameworksBuildPhase;
			buildActionMask = 2147483647;
			files = (
			);
			runOnlyForDeploymentPostprocessing = 0;
		};
		0237BDFE1F3B01F40047A238 /* Frameworks */ = {
			isa = PBXFrameworksBuildPhase;
			buildActionMask = 2147483647;
			files = (
			);
			runOnlyForDeploymentPostprocessing = 0;
		};
		0237BE091F3B01F40047A238 /* Frameworks */ = {
			isa = PBXFrameworksBuildPhase;
			buildActionMask = 2147483647;
			files = (
			);
			runOnlyForDeploymentPostprocessing = 0;
		};
/* End PBXFrameworksBuildPhase section */

/* Begin PBXGroup section */
		021148431F40D16600494736 /* Controllers */ = {
			isa = PBXGroup;
			children = (
				0237BE291F3B08250047A238 /* StoreVC */,
				021148441F40D23900494736 /* CheckOutVC */,
			);
			name = Controllers;
			sourceTree = "<group>";
		};
		021148441F40D23900494736 /* CheckOutVC */ = {
			isa = PBXGroup;
			children = (
				0211484A1F40D26A00494736 /* Controller */,
				021148491F40D26000494736 /* View */,
			);
			name = CheckOutVC;
			sourceTree = "<group>";
		};
		021148491F40D26000494736 /* View */ = {
			isa = PBXGroup;
			children = (
				021148461F40D25900494736 /* CheckOutVC.xib */,
				0211484B1F40E44D00494736 /* SelectedProductCell.swift */,
				0211484C1F40E44D00494736 /* SelectedProductCell.xib */,
			);
			name = View;
			sourceTree = "<group>";
		};
		0211484A1F40D26A00494736 /* Controller */ = {
			isa = PBXGroup;
			children = (
				021148451F40D25900494736 /* CheckOutVC.swift */,
			);
			name = Controller;
			sourceTree = "<group>";
		};
		0237BDE41F3B01F40047A238 = {
			isa = PBXGroup;
			children = (
				0237BDEF1F3B01F40047A238 /* ShoppingApp */,
				0237BE041F3B01F40047A238 /* ShoppingAppTests */,
				0237BE0F1F3B01F40047A238 /* ShoppingAppUITests */,
				0237BDEE1F3B01F40047A238 /* Products */,
			);
			sourceTree = "<group>";
		};
		0237BDEE1F3B01F40047A238 /* Products */ = {
			isa = PBXGroup;
			children = (
				0237BDED1F3B01F40047A238 /* ShoppingApp.app */,
				0237BE011F3B01F40047A238 /* ShoppingAppTests.xctest */,
				0237BE0C1F3B01F40047A238 /* ShoppingAppUITests.xctest */,
			);
			name = Products;
			sourceTree = "<group>";
		};
		0237BDEF1F3B01F40047A238 /* ShoppingApp */ = {
			isa = PBXGroup;
			children = (
				0237BDF41F3B01F40047A238 /* Main.storyboard */,
				021148431F40D16600494736 /* Controllers */,
				0237BE3D1F3B45020047A238 /* View */,
				0237BE321F3B28810047A238 /* Model */,
				0237BE3A1F3B3EF20047A238 /* Services */,
				0237BE371F3B35180047A238 /* Extensions */,
				0237BE281F3B08070047A238 /* Resources */,
				0237BE271F3B07E00047A238 /* Convinient */,
			);
			path = ShoppingApp;
			sourceTree = "<group>";
		};
		0237BE041F3B01F40047A238 /* ShoppingAppTests */ = {
			isa = PBXGroup;
			children = (
				0237BE051F3B01F40047A238 /* ShoppingAppTests.swift */,
				0237BE071F3B01F40047A238 /* Info.plist */,
			);
			path = ShoppingAppTests;
			sourceTree = "<group>";
		};
		0237BE0F1F3B01F40047A238 /* ShoppingAppUITests */ = {
			isa = PBXGroup;
			children = (
				0237BE101F3B01F40047A238 /* ShoppingAppUITests.swift */,
				0237BE121F3B01F40047A238 /* Info.plist */,
			);
			path = ShoppingAppUITests;
			sourceTree = "<group>";
		};
		0237BE221F3B07840047A238 /* View */ = {
			isa = PBXGroup;
			children = (
				0237BE351F3B32900047A238 /* ProductCell.swift */,
				0237BE381F3B35450047A238 /* RoundedImageView.swift */,
			);
			name = View;
			sourceTree = "<group>";
		};
		0237BE271F3B07E00047A238 /* Convinient */ = {
			isa = PBXGroup;
			children = (
				0237BDFC1F3B01F40047A238 /* Info.plist */,
				0237BDF91F3B01F40047A238 /* LaunchScreen.storyboard */,
				0237BDF01F3B01F40047A238 /* AppDelegate.swift */,
			);
			name = Convinient;
			sourceTree = "<group>";
		};
		0237BE281F3B08070047A238 /* Resources */ = {
			isa = PBXGroup;
			children = (
				0237BDF71F3B01F40047A238 /* Assets.xcassets */,
			);
			name = Resources;
			sourceTree = "<group>";
		};
		0237BE291F3B08250047A238 /* StoreVC */ = {
			isa = PBXGroup;
			children = (
				0237BE2A1F3B082E0047A238 /* Controller */,
				0237BE221F3B07840047A238 /* View */,
				0237BE2F1F3B23C40047A238 /* ViewModel */,
			);
			name = StoreVC;
			sourceTree = "<group>";
		};
		0237BE2A1F3B082E0047A238 /* Controller */ = {
			isa = PBXGroup;
			children = (
				0237BE201F3B06C00047A238 /* StoreVC.swift */,
			);
			name = Controller;
			sourceTree = "<group>";
		};
		0237BE2F1F3B23C40047A238 /* ViewModel */ = {
			isa = PBXGroup;
			children = (
				0237BE531F3DAA1F0047A238 /* StoreViewModel.swift */,
			);
			name = ViewModel;
			sourceTree = "<group>";
		};
		0237BE321F3B28810047A238 /* Model */ = {
			isa = PBXGroup;
			children = (
				0237BE331F3B28940047A238 /* Product.swift */,
				0237BE481F3C5B510047A238 /* Currency.swift */,
			);
			name = Model;
			sourceTree = "<group>";
		};
		0237BE371F3B35180047A238 /* Extensions */ = {
			isa = PBXGroup;
			children = (
				0237BE511F3CC08B0047A238 /* Double+Round.swift */,
			);
			name = Extensions;
			sourceTree = "<group>";
		};
		0237BE3A1F3B3EF20047A238 /* Services */ = {
			isa = PBXGroup;
			children = (
				0237BE501F3C6C7B0047A238 /* DataService */,
				0237BE471F3C584E0047A238 /* Network */,
				0237BE4D1F3C6ADA0047A238 /* Utilities */,
			);
			name = Services;
			sourceTree = "<group>";
		};
		0237BE3D1F3B45020047A238 /* View */ = {
			isa = PBXGroup;
			children = (
				0237BE421F3B4D160047A238 /* GradientView.swift */,
			);
			name = View;
			sourceTree = "<group>";
		};
		0237BE441F3C56400047A238 /* Model */ = {
			isa = PBXGroup;
			children = (
				0237BE451F3C56520047A238 /* NetworkError.swift */,
			);
			name = Model;
			sourceTree = "<group>";
		};
		0237BE471F3C584E0047A238 /* Network */ = {
			isa = PBXGroup;
			children = (
				0237BE3B1F3B3F0E0047A238 /* NetworkService.swift */,
				0237BE441F3C56400047A238 /* Model */,
			);
			name = Network;
			sourceTree = "<group>";
		};
		0237BE4D1F3C6ADA0047A238 /* Utilities */ = {
			isa = PBXGroup;
			children = (
				0237BE4E1F3C6AE80047A238 /* Utilities.swift */,
			);
			name = Utilities;
			sourceTree = "<group>";
		};
		0237BE501F3C6C7B0047A238 /* DataService */ = {
			isa = PBXGroup;
			children = (
				0237BE4A1F3C5DF20047A238 /* DataService.swift */,
			);
			name = DataService;
			sourceTree = "<group>";
		};
/* End PBXGroup section */

/* Begin PBXNativeTarget section */
		0237BDEC1F3B01F40047A238 /* ShoppingApp */ = {
			isa = PBXNativeTarget;
			buildConfigurationList = 0237BE151F3B01F40047A238 /* Build configuration list for PBXNativeTarget "ShoppingApp" */;
			buildPhases = (
				0237BDE91F3B01F40047A238 /* Sources */,
				0237BDEA1F3B01F40047A238 /* Frameworks */,
				0237BDEB1F3B01F40047A238 /* Resources */,
			);
			buildRules = (
			);
			dependencies = (
			);
			name = ShoppingApp;
			productName = ShoppingApp;
			productReference = 0237BDED1F3B01F40047A238 /* ShoppingApp.app */;
			productType = "com.apple.product-type.application";
		};
		0237BE001F3B01F40047A238 /* ShoppingAppTests */ = {
			isa = PBXNativeTarget;
			buildConfigurationList = 0237BE181F3B01F40047A238 /* Build configuration list for PBXNativeTarget "ShoppingAppTests" */;
			buildPhases = (
				0237BDFD1F3B01F40047A238 /* Sources */,
				0237BDFE1F3B01F40047A238 /* Frameworks */,
				0237BDFF1F3B01F40047A238 /* Resources */,
			);
			buildRules = (
			);
			dependencies = (
				0237BE031F3B01F40047A238 /* PBXTargetDependency */,
			);
			name = ShoppingAppTests;
			productName = ShoppingAppTests;
			productReference = 0237BE011F3B01F40047A238 /* ShoppingAppTests.xctest */;
			productType = "com.apple.product-type.bundle.unit-test";
		};
		0237BE0B1F3B01F40047A238 /* ShoppingAppUITests */ = {
			isa = PBXNativeTarget;
			buildConfigurationList = 0237BE1B1F3B01F40047A238 /* Build configuration list for PBXNativeTarget "ShoppingAppUITests" */;
			buildPhases = (
				0237BE081F3B01F40047A238 /* Sources */,
				0237BE091F3B01F40047A238 /* Frameworks */,
				0237BE0A1F3B01F40047A238 /* Resources */,
			);
			buildRules = (
			);
			dependencies = (
				0237BE0E1F3B01F40047A238 /* PBXTargetDependency */,
			);
			name = ShoppingAppUITests;
			productName = ShoppingAppUITests;
			productReference = 0237BE0C1F3B01F40047A238 /* ShoppingAppUITests.xctest */;
			productType = "com.apple.product-type.bundle.ui-testing";
		};
/* End PBXNativeTarget section */

/* Begin PBXProject section */
		0237BDE51F3B01F40047A238 /* Project object */ = {
			isa = PBXProject;
			attributes = {
				LastSwiftUpdateCheck = 0830;
				LastUpgradeCheck = 0830;
				ORGANIZATIONNAME = "Sinisa Vukovic";
				TargetAttributes = {
					0237BDEC1F3B01F40047A238 = {
						CreatedOnToolsVersion = 8.3.3;
						DevelopmentTeam = P6XDXRR446;
						ProvisioningStyle = Automatic;
					};
					0237BE001F3B01F40047A238 = {
						CreatedOnToolsVersion = 8.3.3;
						DevelopmentTeam = P6XDXRR446;
						ProvisioningStyle = Automatic;
						TestTargetID = 0237BDEC1F3B01F40047A238;
					};
					0237BE0B1F3B01F40047A238 = {
						CreatedOnToolsVersion = 8.3.3;
						DevelopmentTeam = P6XDXRR446;
						ProvisioningStyle = Automatic;
						TestTargetID = 0237BDEC1F3B01F40047A238;
					};
				};
			};
			buildConfigurationList = 0237BDE81F3B01F40047A238 /* Build configuration list for PBXProject "ShoppingApp" */;
			compatibilityVersion = "Xcode 3.2";
			developmentRegion = English;
			hasScannedForEncodings = 0;
			knownRegions = (
				en,
				Base,
			);
			mainGroup = 0237BDE41F3B01F40047A238;
			productRefGroup = 0237BDEE1F3B01F40047A238 /* Products */;
			projectDirPath = "";
			projectRoot = "";
			targets = (
				0237BDEC1F3B01F40047A238 /* ShoppingApp */,
				0237BE001F3B01F40047A238 /* ShoppingAppTests */,
				0237BE0B1F3B01F40047A238 /* ShoppingAppUITests */,
			);
		};
/* End PBXProject section */

/* Begin PBXResourcesBuildPhase section */
		0237BDEB1F3B01F40047A238 /* Resources */ = {
			isa = PBXResourcesBuildPhase;
			buildActionMask = 2147483647;
			files = (
				0237BDFB1F3B01F40047A238 /* LaunchScreen.storyboard in Resources */,
				0237BDF81F3B01F40047A238 /* Assets.xcassets in Resources */,
				0211484E1F40E44D00494736 /* SelectedProductCell.xib in Resources */,
				0237BDF61F3B01F40047A238 /* Main.storyboard in Resources */,
				021148481F40D25900494736 /* CheckOutVC.xib in Resources */,
			);
			runOnlyForDeploymentPostprocessing = 0;
		};
		0237BDFF1F3B01F40047A238 /* Resources */ = {
			isa = PBXResourcesBuildPhase;
			buildActionMask = 2147483647;
			files = (
			);
			runOnlyForDeploymentPostprocessing = 0;
		};
		0237BE0A1F3B01F40047A238 /* Resources */ = {
			isa = PBXResourcesBuildPhase;
			buildActionMask = 2147483647;
			files = (
			);
			runOnlyForDeploymentPostprocessing = 0;
		};
/* End PBXResourcesBuildPhase section */

/* Begin PBXSourcesBuildPhase section */
		0237BDE91F3B01F40047A238 /* Sources */ = {
			isa = PBXSourcesBuildPhase;
			buildActionMask = 2147483647;
			files = (
				0211484D1F40E44D00494736 /* SelectedProductCell.swift in Sources */,
				0237BE491F3C5B510047A238 /* Currency.swift in Sources */,
				0237BE431F3B4D160047A238 /* GradientView.swift in Sources */,
				0237BE4F1F3C6AE80047A238 /* Utilities.swift in Sources */,
				0237BE541F3DAA1F0047A238 /* StoreViewModel.swift in Sources */,
				0237BE461F3C56520047A238 /* NetworkError.swift in Sources */,
				021148471F40D25900494736 /* CheckOutVC.swift in Sources */,
				0237BDF11F3B01F40047A238 /* AppDelegate.swift in Sources */,
				0237BE391F3B35450047A238 /* RoundedImageView.swift in Sources */,
				0237BE361F3B32900047A238 /* ProductCell.swift in Sources */,
				0237BE521F3CC08B0047A238 /* Double+Round.swift in Sources */,
				0237BE211F3B06C00047A238 /* StoreVC.swift in Sources */,
				0237BE3C1F3B3F0E0047A238 /* NetworkService.swift in Sources */,
				0237BE341F3B28940047A238 /* Product.swift in Sources */,
				0237BE4B1F3C5DF20047A238 /* DataService.swift in Sources */,
			);
			runOnlyForDeploymentPostprocessing = 0;
		};
		0237BDFD1F3B01F40047A238 /* Sources */ = {
			isa = PBXSourcesBuildPhase;
			buildActionMask = 2147483647;
			files = (
				0237BE061F3B01F40047A238 /* ShoppingAppTests.swift in Sources */,
			);
			runOnlyForDeploymentPostprocessing = 0;
		};
		0237BE081F3B01F40047A238 /* Sources */ = {
			isa = PBXSourcesBuildPhase;
			buildActionMask = 2147483647;
			files = (
				0237BE111F3B01F40047A238 /* ShoppingAppUITests.swift in Sources */,
			);
			runOnlyForDeploymentPostprocessing = 0;
		};
/* End PBXSourcesBuildPhase section */

/* Begin PBXTargetDependency section */
		0237BE031F3B01F40047A238 /* PBXTargetDependency */ = {
			isa = PBXTargetDependency;
			target = 0237BDEC1F3B01F40047A238 /* ShoppingApp */;
			targetProxy = 0237BE021F3B01F40047A238 /* PBXContainerItemProxy */;
		};
		0237BE0E1F3B01F40047A238 /* PBXTargetDependency */ = {
			isa = PBXTargetDependency;
			target = 0237BDEC1F3B01F40047A238 /* ShoppingApp */;
			targetProxy = 0237BE0D1F3B01F40047A238 /* PBXContainerItemProxy */;
		};
/* End PBXTargetDependency section */

/* Begin PBXVariantGroup section */
		0237BDF41F3B01F40047A238 /* Main.storyboard */ = {
			isa = PBXVariantGroup;
			children = (
				0237BDF51F3B01F40047A238 /* Base */,
			);
			name = Main.storyboard;
			sourceTree = "<group>";
		};
		0237BDF91F3B01F40047A238 /* LaunchScreen.storyboard */ = {
			isa = PBXVariantGroup;
			children = (
				0237BDFA1F3B01F40047A238 /* Base */,
			);
			name = LaunchScreen.storyboard;
			sourceTree = "<group>";
		};
/* End PBXVariantGroup section */

/* Begin XCBuildConfiguration section */
		0237BE131F3B01F40047A238 /* Debug */ = {
			isa = XCBuildConfiguration;
			buildSettings = {
				ALWAYS_SEARCH_USER_PATHS = NO;
				CLANG_ANALYZER_NONNULL = YES;
				CLANG_ANALYZER_NUMBER_OBJECT_CONVERSION = YES_AGGRESSIVE;
				CLANG_CXX_LANGUAGE_STANDARD = "gnu++0x";
				CLANG_CXX_LIBRARY = "libc++";
				CLANG_ENABLE_MODULES = YES;
				CLANG_ENABLE_OBJC_ARC = YES;
				CLANG_WARN_BOOL_CONVERSION = YES;
				CLANG_WARN_CONSTANT_CONVERSION = YES;
				CLANG_WARN_DIRECT_OBJC_ISA_USAGE = YES_ERROR;
				CLANG_WARN_DOCUMENTATION_COMMENTS = YES;
				CLANG_WARN_EMPTY_BODY = YES;
				CLANG_WARN_ENUM_CONVERSION = YES;
				CLANG_WARN_INFINITE_RECURSION = YES;
				CLANG_WARN_INT_CONVERSION = YES;
				CLANG_WARN_OBJC_ROOT_CLASS = YES_ERROR;
				CLANG_WARN_SUSPICIOUS_MOVE = YES;
				CLANG_WARN_UNREACHABLE_CODE = YES;
				CLANG_WARN__DUPLICATE_METHOD_MATCH = YES;
				"CODE_SIGN_IDENTITY[sdk=iphoneos*]" = "iPhone Developer";
				COPY_PHASE_STRIP = NO;
				DEBUG_INFORMATION_FORMAT = dwarf;
				ENABLE_STRICT_OBJC_MSGSEND = YES;
				ENABLE_TESTABILITY = YES;
				GCC_C_LANGUAGE_STANDARD = gnu99;
				GCC_DYNAMIC_NO_PIC = NO;
				GCC_NO_COMMON_BLOCKS = YES;
				GCC_OPTIMIZATION_LEVEL = 0;
				GCC_PREPROCESSOR_DEFINITIONS = (
					"DEBUG=1",
					"$(inherited)",
				);
				GCC_WARN_64_TO_32_BIT_CONVERSION = YES;
				GCC_WARN_ABOUT_RETURN_TYPE = YES_ERROR;
				GCC_WARN_UNDECLARED_SELECTOR = YES;
				GCC_WARN_UNINITIALIZED_AUTOS = YES_AGGRESSIVE;
				GCC_WARN_UNUSED_FUNCTION = YES;
				GCC_WARN_UNUSED_VARIABLE = YES;
				IPHONEOS_DEPLOYMENT_TARGET = 10.3;
				MTL_ENABLE_DEBUG_INFO = YES;
				ONLY_ACTIVE_ARCH = YES;
				SDKROOT = iphoneos;
				SWIFT_ACTIVE_COMPILATION_CONDITIONS = DEBUG;
				SWIFT_OPTIMIZATION_LEVEL = "-Onone";
				TARGETED_DEVICE_FAMILY = "1,2";
			};
			name = Debug;
		};
		0237BE141F3B01F40047A238 /* Release */ = {
			isa = XCBuildConfiguration;
			buildSettings = {
				ALWAYS_SEARCH_USER_PATHS = NO;
				CLANG_ANALYZER_NONNULL = YES;
				CLANG_ANALYZER_NUMBER_OBJECT_CONVERSION = YES_AGGRESSIVE;
				CLANG_CXX_LANGUAGE_STANDARD = "gnu++0x";
				CLANG_CXX_LIBRARY = "libc++";
				CLANG_ENABLE_MODULES = YES;
				CLANG_ENABLE_OBJC_ARC = YES;
				CLANG_WARN_BOOL_CONVERSION = YES;
				CLANG_WARN_CONSTANT_CONVERSION = YES;
				CLANG_WARN_DIRECT_OBJC_ISA_USAGE = YES_ERROR;
				CLANG_WARN_DOCUMENTATION_COMMENTS = YES;
				CLANG_WARN_EMPTY_BODY = YES;
				CLANG_WARN_ENUM_CONVERSION = YES;
				CLANG_WARN_INFINITE_RECURSION = YES;
				CLANG_WARN_INT_CONVERSION = YES;
				CLANG_WARN_OBJC_ROOT_CLASS = YES_ERROR;
				CLANG_WARN_SUSPICIOUS_MOVE = YES;
				CLANG_WARN_UNREACHABLE_CODE = YES;
				CLANG_WARN__DUPLICATE_METHOD_MATCH = YES;
				"CODE_SIGN_IDENTITY[sdk=iphoneos*]" = "iPhone Developer";
				COPY_PHASE_STRIP = NO;
				DEBUG_INFORMATION_FORMAT = "dwarf-with-dsym";
				ENABLE_NS_ASSERTIONS = NO;
				ENABLE_STRICT_OBJC_MSGSEND = YES;
				GCC_C_LANGUAGE_STANDARD = gnu99;
				GCC_NO_COMMON_BLOCKS = YES;
				GCC_WARN_64_TO_32_BIT_CONVERSION = YES;
				GCC_WARN_ABOUT_RETURN_TYPE = YES_ERROR;
				GCC_WARN_UNDECLARED_SELECTOR = YES;
				GCC_WARN_UNINITIALIZED_AUTOS = YES_AGGRESSIVE;
				GCC_WARN_UNUSED_FUNCTION = YES;
				GCC_WARN_UNUSED_VARIABLE = YES;
				IPHONEOS_DEPLOYMENT_TARGET = 10.3;
				MTL_ENABLE_DEBUG_INFO = NO;
				SDKROOT = iphoneos;
				SWIFT_OPTIMIZATION_LEVEL = "-Owholemodule";
				TARGETED_DEVICE_FAMILY = "1,2";
				VALIDATE_PRODUCT = YES;
			};
			name = Release;
		};
		0237BE161F3B01F40047A238 /* Debug */ = {
			isa = XCBuildConfiguration;
			buildSettings = {
				ASSETCATALOG_COMPILER_APPICON_NAME = AppIcon;
				DEVELOPMENT_TEAM = P6XDXRR446;
				INFOPLIST_FILE = ShoppingApp/Info.plist;
				LD_RUNPATH_SEARCH_PATHS = "$(inherited) @executable_path/Frameworks";
				PRODUCT_BUNDLE_IDENTIFIER = com.sinisa.vukovic.ShoppingApp;
				PRODUCT_NAME = "$(TARGET_NAME)";
				SWIFT_VERSION = 3.0;
			};
			name = Debug;
		};
		0237BE171F3B01F40047A238 /* Release */ = {
			isa = XCBuildConfiguration;
			buildSettings = {
				ASSETCATALOG_COMPILER_APPICON_NAME = AppIcon;
				DEVELOPMENT_TEAM = P6XDXRR446;
				INFOPLIST_FILE = ShoppingApp/Info.plist;
				LD_RUNPATH_SEARCH_PATHS = "$(inherited) @executable_path/Frameworks";
				PRODUCT_BUNDLE_IDENTIFIER = com.sinisa.vukovic.ShoppingApp;
				PRODUCT_NAME = "$(TARGET_NAME)";
				SWIFT_VERSION = 3.0;
			};
			name = Release;
		};
		0237BE191F3B01F40047A238 /* Debug */ = {
			isa = XCBuildConfiguration;
			buildSettings = {
				ALWAYS_EMBED_SWIFT_STANDARD_LIBRARIES = YES;
				BUNDLE_LOADER = "$(TEST_HOST)";
				DEVELOPMENT_TEAM = P6XDXRR446;
				INFOPLIST_FILE = ShoppingAppTests/Info.plist;
				LD_RUNPATH_SEARCH_PATHS = "$(inherited) @executable_path/Frameworks @loader_path/Frameworks";
				PRODUCT_BUNDLE_IDENTIFIER = com.sinisa.vukovic.ShoppingAppTests;
				PRODUCT_NAME = "$(TARGET_NAME)";
				SWIFT_VERSION = 3.0;
				TEST_HOST = "$(BUILT_PRODUCTS_DIR)/ShoppingApp.app/ShoppingApp";
			};
			name = Debug;
		};
		0237BE1A1F3B01F40047A238 /* Release */ = {
			isa = XCBuildConfiguration;
			buildSettings = {
				ALWAYS_EMBED_SWIFT_STANDARD_LIBRARIES = YES;
				BUNDLE_LOADER = "$(TEST_HOST)";
				DEVELOPMENT_TEAM = P6XDXRR446;
				INFOPLIST_FILE = ShoppingAppTests/Info.plist;
				LD_RUNPATH_SEARCH_PATHS = "$(inherited) @executable_path/Frameworks @loader_path/Frameworks";
				PRODUCT_BUNDLE_IDENTIFIER = com.sinisa.vukovic.ShoppingAppTests;
				PRODUCT_NAME = "$(TARGET_NAME)";
				SWIFT_VERSION = 3.0;
				TEST_HOST = "$(BUILT_PRODUCTS_DIR)/ShoppingApp.app/ShoppingApp";
			};
			name = Release;
		};
		0237BE1C1F3B01F40047A238 /* Debug */ = {
			isa = XCBuildConfiguration;
			buildSettings = {
				ALWAYS_EMBED_SWIFT_STANDARD_LIBRARIES = YES;
				DEVELOPMENT_TEAM = P6XDXRR446;
				INFOPLIST_FILE = ShoppingAppUITests/Info.plist;
				LD_RUNPATH_SEARCH_PATHS = "$(inherited) @executable_path/Frameworks @loader_path/Frameworks";
				PRODUCT_BUNDLE_IDENTIFIER = com.sinisa.vukovic.ShoppingAppUITests;
				PRODUCT_NAME = "$(TARGET_NAME)";
				SWIFT_VERSION = 3.0;
				TEST_TARGET_NAME = ShoppingApp;
			};
			name = Debug;
		};
		0237BE1D1F3B01F40047A238 /* Release */ = {
			isa = XCBuildConfiguration;
			buildSettings = {
				ALWAYS_EMBED_SWIFT_STANDARD_LIBRARIES = YES;
				DEVELOPMENT_TEAM = P6XDXRR446;
				INFOPLIST_FILE = ShoppingAppUITests/Info.plist;
				LD_RUNPATH_SEARCH_PATHS = "$(inherited) @executable_path/Frameworks @loader_path/Frameworks";
				PRODUCT_BUNDLE_IDENTIFIER = com.sinisa.vukovic.ShoppingAppUITests;
				PRODUCT_NAME = "$(TARGET_NAME)";
				SWIFT_VERSION = 3.0;
				TEST_TARGET_NAME = ShoppingApp;
			};
			name = Release;
		};
/* End XCBuildConfiguration section */

/* Begin XCConfigurationList section */
		0237BDE81F3B01F40047A238 /* Build configuration list for PBXProject "ShoppingApp" */ = {
			isa = XCConfigurationList;
			buildConfigurations = (
				0237BE131F3B01F40047A238 /* Debug */,
				0237BE141F3B01F40047A238 /* Release */,
			);
			defaultConfigurationIsVisible = 0;
			defaultConfigurationName = Release;
		};
		0237BE151F3B01F40047A238 /* Build configuration list for PBXNativeTarget "ShoppingApp" */ = {
			isa = XCConfigurationList;
			buildConfigurations = (
				0237BE161F3B01F40047A238 /* Debug */,
				0237BE171F3B01F40047A238 /* Release */,
			);
			defaultConfigurationIsVisible = 0;
			defaultConfigurationName = Release;
		};
		0237BE181F3B01F40047A238 /* Build configuration list for PBXNativeTarget "ShoppingAppTests" */ = {
			isa = XCConfigurationList;
			buildConfigurations = (
				0237BE191F3B01F40047A238 /* Debug */,
				0237BE1A1F3B01F40047A238 /* Release */,
			);
			defaultConfigurationIsVisible = 0;
			defaultConfigurationName = Release;
		};
		0237BE1B1F3B01F40047A238 /* Build configuration list for PBXNativeTarget "ShoppingAppUITests" */ = {
			isa = XCConfigurationList;
			buildConfigurations = (
				0237BE1C1F3B01F40047A238 /* Debug */,
				0237BE1D1F3B01F40047A238 /* Release */,
			);
			defaultConfigurationIsVisible = 0;
			defaultConfigurationName = Release;
		};
/* End XCConfigurationList section */
	};
	rootObject = 0237BDE51F3B01F40047A238 /* Project object */;
}
